{
  "nodes": {
    "dotfiles": {
      "inputs": {
        "flake-utils": [
          "flake-utils"
        ],
        "home-manager": [
          "home-manager"
        ],
        "nixpkgs": [
          "nixpkgs"
        ],
        "nixpkgs-unstable": "nixpkgs-unstable",
        "nurpkgs": "nurpkgs"
      },
      "locked": {
        "lastModified": 1615775367,
        "narHash": "sha256-WzShmwetgr6vNSl5Uv4YkO32cdUnbAolKbQxOvZB804=",
        "owner": "tlater",
        "repo": "dotfiles",
        "rev": "f533b365fba7de64b22120a3902df4489c74b746",
        "type": "github"
      },
      "original": {
        "owner": "tlater",
        "repo": "dotfiles",
        "type": "github"
      }
    },
    "flake-utils": {
      "locked": {
        "lastModified": 1614513358,
        "narHash": "sha256-LakhOx3S1dRjnh0b5Dg3mbZyH0ToC9I8Y2wKSkBaTzU=",
        "owner": "numtide",
        "repo": "flake-utils",
        "rev": "5466c5bbece17adaab2d82fae80b46e807611bf3",
        "type": "github"
      },
      "original": {
        "owner": "numtide",
        "repo": "flake-utils",
        "type": "github"
      }
    },
    "home-manager": {
      "inputs": {
        "nixpkgs": [
          "nixpkgs"
        ]
      },
      "locked": {
        "lastModified": 1612902587,
        "narHash": "sha256-VZ7Z1OMFf5ReObu3CCVBsC2DWloTYDjqW1onUKejVrE=",
        "owner": "nix-community",
        "repo": "home-manager",
        "rev": "209566c752c4428c7692c134731971193f06b37c",
        "type": "github"
      },
      "original": {
        "owner": "nix-community",
        "ref": "release-20.09",
        "repo": "home-manager",
        "type": "github"
      }
    },
    "nixos-hardware": {
      "locked": {
        "lastModified": 1615652054,
        "narHash": "sha256-jqXKU8Ovpi7MmPRqGf2FB3QOPcZtGwO2MFc0AYiOPjg=",
        "owner": "NixOS",
        "repo": "nixos-hardware",
        "rev": "31f61b90ddb9257b94888ee17ccf96236e180c76",
        "type": "github"
      },
      "original": {
        "owner": "NixOS",
        "ref": "master",
        "repo": "nixos-hardware",
        "type": "github"
      }
    },
    "nixpkgs": {
      "locked": {
        "lastModified": 1616005387,
        "narHash": "sha256-WzADBBE8c6I/GjvOwYK8fYJh0lk5t2aSGEP2v/4Ynic=",
        "owner": "nixos",
        "repo": "nixpkgs",
        "rev": "12d9950bf47e0ac20d4d04e189448ee075242117",
        "type": "github"
      },
      "original": {
        "owner": "nixos",
        "ref": "nixos-20.09",
        "repo": "nixpkgs",
        "type": "github"
      }
    },
    "nixpkgs-unstable": {
      "locked": {
        "lastModified": 1615532953,
        "narHash": "sha256-SWpaGjrp/INzorEqMz3HLi6Uuk9I0KAn4YS8B4n3q5g=",
        "owner": "nixos",
        "repo": "nixpkgs",
        "rev": "916ee862e87ac5ee2439f2fb7856386b4dc906ae",
        "type": "github"
      },
      "original": {
        "owner": "nixos",
        "ref": "nixos-unstable",
        "repo": "nixpkgs",
        "type": "github"
      }
    },
    "nixpkgs-unstable_2": {
      "locked": {
        "lastModified": 1615888535,
        "narHash": "sha256-wR49KkuahcNq1xU3Tk+Mfbob3g2/B/fpbWPw8X+1wsg=",
        "owner": "nixos",
        "repo": "nixpkgs",
        "rev": "1f77a4c8c74bbe896053994836790aa9bf6dc5ba",
        "type": "github"
      },
      "original": {
        "owner": "nixos",
        "ref": "nixos-unstable",
        "repo": "nixpkgs",
        "type": "github"
      }
    },
    "nurpkgs": {
      "locked": {
        "lastModified": 1615594980,
        "narHash": "sha256-iViiT6Fa/A5eC9ufHCFrCfYSPKc1ilAd64KOsXCQ09E=",
        "owner": "nix-community",
        "repo": "NUR",
        "rev": "f7c8829647c0271c9070695c4dca1d660ed3820b",
        "type": "github"
      },
      "original": {
        "owner": "nix-community",
        "repo": "NUR",
        "type": "github"
      }
    },
    "root": {
      "inputs": {
        "dotfiles": "dotfiles",
        "flake-utils": "flake-utils",
        "home-manager": "home-manager",
        "nixos-hardware": "nixos-hardware",
        "nixpkgs": "nixpkgs",
        "nixpkgs-unstable": "nixpkgs-unstable_2",
        "sops-nix": "sops-nix"
      }
    },
    "sops-nix": {
      "inputs": {
        "nixpkgs": [
          "nixpkgs"
        ]
      },
      "locked": {
        "lastModified": 1615031779,
        "narHash": "sha256-uCdrsI0poKOAt0BxxjbLMNY6bOZNrDxOTAx4DQQTAEM=",
        "owner": "Mic92",
        "repo": "sops-nix",
        "rev": "137d387e784783eac52dfd9d1b35227eb0c211f1",
        "type": "github"
      },
      "original": {
        "owner": "Mic92",
        "repo": "sops-nix",
        "type": "github"
      }
    }
  },
  "root": "root",
  "version": 7
}
