{
  "nodes": {
    "dotfiles": {
      "inputs": {
        "flake-utils": [
          "flake-utils"
        ],
        "home-manager": [
          "home-manager"
        ],
        "home-manager-unstable": "home-manager-unstable",
        "nixpkgs": [
          "nixpkgs"
        ],
        "nixpkgs-unstable": [
          "nixpkgs-unstable"
        ],
        "nurpkgs": "nurpkgs"
      },
      "locked": {
        "lastModified": 1620356707,
        "narHash": "sha256-3ouQFb170Q4Nr/sKyNkCq14yKf9ZrGsDHWIwA0Bf52E=",
        "owner": "tlater",
        "repo": "dotfiles",
        "rev": "daa8ce596cb55fe70ddbfb9084cd8e753cf6c057",
        "type": "github"
      },
      "original": {
        "owner": "tlater",
        "repo": "dotfiles",
        "type": "github"
      }
    },
    "flake-utils": {
      "locked": {
        "lastModified": 1619345332,
        "narHash": "sha256-qHnQkEp1uklKTpx3MvKtY6xzgcqXDsz5nLilbbuL+3A=",
        "owner": "numtide",
        "repo": "flake-utils",
        "rev": "2ebf2558e5bf978c7fb8ea927dfaed8fefab2e28",
        "type": "github"
      },
      "original": {
        "owner": "numtide",
        "repo": "flake-utils",
        "type": "github"
      }
    },
    "home-manager": {
      "inputs": {
        "nixpkgs": [
          "nixpkgs"
        ]
      },
      "locked": {
        "lastModified": 1617824794,
        "narHash": "sha256-UGkvzx0nIXHhNq/KwJLjXvKAQRE2V33MuX+UirvqrkQ=",
        "owner": "nix-community",
        "repo": "home-manager",
        "rev": "2aa20ae969f2597c4df10a094440a66e9d7f8c86",
        "type": "github"
      },
      "original": {
        "owner": "nix-community",
        "ref": "release-20.09",
        "repo": "home-manager",
        "type": "github"
      }
    },
    "home-manager-unstable": {
      "inputs": {
        "nixpkgs": "nixpkgs"
      },
      "locked": {
        "lastModified": 1620337456,
        "narHash": "sha256-w4Z6NYNYI3v++Pmqs4j1pPGdWJEyjGQat5rYxkhncMI=",
        "owner": "nix-community",
        "repo": "home-manager",
        "rev": "86944b0fb15f89bc1173efabbce556260a410154",
        "type": "github"
      },
      "original": {
        "owner": "nix-community",
        "repo": "home-manager",
        "type": "github"
      }
    },
    "nixos-hardware": {
      "locked": {
        "lastModified": 1619336929,
        "narHash": "sha256-joIC2D26jtSbHodR/o8r+5T9XL2hXs6NIp5mVyA4JOc=",
        "owner": "NixOS",
        "repo": "nixos-hardware",
        "rev": "f7540d6c27704ec0fe56ecc8b2a9b663181850b0",
        "type": "github"
      },
      "original": {
        "owner": "NixOS",
        "ref": "master",
        "repo": "nixos-hardware",
        "type": "github"
      }
    },
    "nixpkgs": {
      "locked": {
        "lastModified": 1620351499,
        "narHash": "sha256-OsEsKkQo9axVSMP0AGY2Xlz08kvwZB2z1DNLQkCtar4=",
        "owner": "NixOS",
        "repo": "nixpkgs",
        "rev": "e62feb3bf4a603e26755238303bda0c24651e155",
        "type": "github"
      },
      "original": {
        "id": "nixpkgs",
        "type": "indirect"
      }
    },
    "nixpkgs-unstable": {
      "locked": {
        "lastModified": 1619464443,
        "narHash": "sha256-R7WAb8EnkIJxxaF6GTHUPytjonhB4Zm0iatyWoW169A=",
        "owner": "nixos",
        "repo": "nixpkgs",
        "rev": "8e4fe32876ca15e3d5eb3ecd3ca0b224417f5f17",
        "type": "github"
      },
      "original": {
        "owner": "nixos",
        "ref": "nixos-unstable",
        "repo": "nixpkgs",
        "type": "github"
      }
    },
    "nixpkgs_2": {
      "locked": {
        "lastModified": 1619792299,
        "narHash": "sha256-hpg6wU0QLcNXj5/Nj8NT4p97R9SUGR8RBwjYNsMSKng=",
        "owner": "nixos",
        "repo": "nixpkgs",
        "rev": "be58d0fbaa401922a090735edfc08442aed69b47",
        "type": "github"
      },
      "original": {
        "owner": "nixos",
        "ref": "nixos-20.09",
        "repo": "nixpkgs",
        "type": "github"
      }
    },
    "nurpkgs": {
      "locked": {
        "lastModified": 1618619319,
        "narHash": "sha256-LcsMHWBqvtqFxieUhZU9fnPvpF7/GgNHTzR47tBUGvo=",
        "owner": "nix-community",
        "repo": "NUR",
        "rev": "8c10f9c0f79d08f88d09c39c13fd571155ca8b32",
        "type": "github"
      },
      "original": {
        "owner": "nix-community",
        "repo": "NUR",
        "type": "github"
      }
    },
    "root": {
      "inputs": {
        "dotfiles": "dotfiles",
        "flake-utils": "flake-utils",
        "home-manager": "home-manager",
        "nixos-hardware": "nixos-hardware",
        "nixpkgs": "nixpkgs_2",
        "nixpkgs-unstable": "nixpkgs-unstable",
        "sops-nix": "sops-nix"
      }
    },
    "sops-nix": {
      "inputs": {
        "nixpkgs": [
          "nixpkgs"
        ]
      },
      "locked": {
        "lastModified": 1618840526,
        "narHash": "sha256-3VAac44xE+kO8o7BQXLqHrAMUQT+XqIK8BcLkEEDwOA=",
        "owner": "Mic92",
        "repo": "sops-nix",
        "rev": "4f384662a85804fa2bc1bc1f99e70bb468e76f88",
        "type": "github"
      },
      "original": {
        "owner": "Mic92",
        "repo": "sops-nix",
        "type": "github"
      }
    }
  },
  "root": "root",
  "version": 7
}
